
Microsoft Visual Studio Solution File, Format Version 12.00
# Visual Studio Version 17
VisualStudioVersion = 17.13.35919.96 d17.13
MinimumVisualStudioVersion = 10.0.40219.1
Project("{FAE04EC0-301F-11D3-BF4B-00C04F79EFBC}") = "DapperProject", "DapperProject\DapperProject.csproj", "{E8DAB9A1-E61F-418E-BE8C-A4643A19DE28}"
EndProject
Global
	GlobalSection(SolutionConfigurationPlatforms) = preSolution
		Debug|Any CPU = Debug|Any CPU
		Release|Any CPU = Release|Any CPU
	EndGlobalSection
	GlobalSection(ProjectConfigurationPlatforms) = postSolution
		{E8DAB9A1-E61F-418E-BE8C-A4643A19DE28}.Debug|Any CPU.ActiveCfg = Debug|Any CPU
		{E8DAB9A1-E61F-418E-BE8C-A4643A19DE28}.Debug|Any CPU.Build.0 = Debug|Any CPU
		{E8DAB9A1-E61F-418E-BE8C-A4643A19DE28}.Release|Any CPU.ActiveCfg = Release|Any CPU
		{E8DAB9A1-E61F-418E-BE8C-A4643A19DE28}.Release|Any CPU.Build.0 = Release|Any CPU
	EndGlobalSection
	GlobalSection(SolutionProperties) = preSolution
		HideSolutionNode = FALSE
	EndGlobalSection
	GlobalSection(ExtensibilityGlobals) = postSolution
		SolutionGuid = {83AE9261-C91D-4FAB-9663-45A1F87EBAE5}
	EndGlobalSection
EndGlobal
